<Solution>
  <Project Path="NetromEcoMeal.Web/NetromEcoMeal.Web.csproj" />
  <Project Path="NetromEcoMeal.Api/NetromEcoMeal.Api.csproj" />
  <Project Path="NetromEcoMeal.BusinessLogic/NetromEcoMeal.BusinessLogic.csproj" />
  <Project Path="NetromEcoMeal.DataAccess/NetromEcoMeal.DataAccess.csproj" />
  <Project Path="NetromEcoMeal.Tests/NetromEcoMeal.Tests.csproj" />
</Solution>
